# THIS IS AN AUTOGENERATED FILE. DO NOT EDIT THIS FILE DIRECTLY.
# yarn lockfile v1


"@ministryofjustice/frontend@^0.0.17-alpha":
  version "0.0.17-alpha"
  resolved "https://registry.yarnpkg.com/@ministryofjustice/frontend/-/frontend-0.0.17-alpha.tgz#a5e2e2d2dce58102e9245153bd6d4992e7977c5b"
  integrity sha512-UOwqFA24kd8xJY6XrWxaQxM2xzr8BHdwb5L82xPk3rG7hgEnWRppk7vt9eszqSt3Hwdfj63pD8aaMTMsi89P4Q==
  dependencies:
    moment "^2.22.2"

govuk-frontend@^3.5.0:
  version "3.5.0"
  resolved "https://registry.yarnpkg.com/govuk-frontend/-/govuk-frontend-3.5.0.tgz#040e6fd0227f65d3e5820f8a05a9932ffdfb2a9e"
  integrity sha512-4tNKgcChO1bMNsrTz2UsK4fDMmU9R87UDxy/KhKIMbnhsuJLVuArDveYLkZuUsZ6B3eaCbl5gmI8i/Q/Mi680A==

moment@^2.22.2:
  version "2.24.0"
  resolved "https://registry.yarnpkg.com/moment/-/moment-2.24.0.tgz#0d055d53f5052aa653c9f6eb68bb5d12bf5c2b5b"
  integrity sha512-bV7f+6l2QigeBBZSM/6yTNq4P2fNpSWj/0e7jQcy87A8e7o2nAfP/34/2ky5Vw4B9S446EtIhodAzkFCcR4dQg==
